
Microsoft Visual Studio Solution File, Format Version 12.00
# Visual Studio Version 17
VisualStudioVersion = 17.8.34408.163
MinimumVisualStudioVersion = 10.0.40219.1
Project("{FAE04EC0-301F-11D3-BF4B-00C04F79EFBC}") = "GetFun", "GetFun\GetFun.csproj", "{669121F4-8160-4586-88EC-1CE8577534E4}"
EndProject
Global
	GlobalSection(SolutionConfigurationPlatforms) = preSolution
		Debug|Any CPU = Debug|Any CPU
		Release|Any CPU = Release|Any CPU
	EndGlobalSection
	GlobalSection(ProjectConfigurationPlatforms) = postSolution
		{669121F4-8160-4586-88EC-1CE8577534E4}.Debug|Any CPU.ActiveCfg = Debug|Any CPU
		{669121F4-8160-4586-88EC-1CE8577534E4}.Debug|Any CPU.Build.0 = Debug|Any CPU
		{669121F4-8160-4586-88EC-1CE8577534E4}.Release|Any CPU.ActiveCfg = Release|Any CPU
		{669121F4-8160-4586-88EC-1CE8577534E4}.Release|Any CPU.Build.0 = Release|Any CPU
	EndGlobalSection
	GlobalSection(SolutionProperties) = preSolution
		HideSolutionNode = FALSE
	EndGlobalSection
	GlobalSection(ExtensibilityGlobals) = postSolution
		SolutionGuid = {FCF47B41-4AC3-4057-8639-D126733E651F}
	EndGlobalSection
EndGlobal
